
Microsoft Visual Studio Solution File, Format Version 12.00
# Visual Studio Version 17
VisualStudioVersion = 17.11.35303.130
MinimumVisualStudioVersion = 10.0.40219.1
Project("{FAE04EC0-301F-11D3-BF4B-00C04F79EFBC}") = "xadrez-console", "xadrez-console\xadrez-console.csproj", "{366B0D47-77B6-42B7-B4F7-FDA8FEDAD09E}"
EndProject
Global
	GlobalSection(SolutionConfigurationPlatforms) = preSolution
		Debug|Any CPU = Debug|Any CPU
		Release|Any CPU = Release|Any CPU
	EndGlobalSection
	GlobalSection(ProjectConfigurationPlatforms) = postSolution
		{366B0D47-77B6-42B7-B4F7-FDA8FEDAD09E}.Debug|Any CPU.ActiveCfg = Debug|Any CPU
		{366B0D47-77B6-42B7-B4F7-FDA8FEDAD09E}.Debug|Any CPU.Build.0 = Debug|Any CPU
		{366B0D47-77B6-42B7-B4F7-FDA8FEDAD09E}.Release|Any CPU.ActiveCfg = Release|Any CPU
		{366B0D47-77B6-42B7-B4F7-FDA8FEDAD09E}.Release|Any CPU.Build.0 = Release|Any CPU
	EndGlobalSection
	GlobalSection(SolutionProperties) = preSolution
		HideSolutionNode = FALSE
	EndGlobalSection
	GlobalSection(ExtensibilityGlobals) = postSolution
		SolutionGuid = {AEF4BB99-BC06-437B-A714-9E66C587FCF6}
	EndGlobalSection
EndGlobal
